
Microsoft Visual Studio Solution File, Format Version 9.00
# Visual Studio 2005
Project("{FAE04EC0-301F-11D3-BF4B-00C04F79EFBC}") = "NetSDKSample", "NetSDKSample\NetSDKSample.csproj", "{ED9B98F5-5DB6-4E7E-A7E3-ADE56B9D3672}"
EndProject
Project("{FAE04EC0-301F-11D3-BF4B-00C04F79EFBC}") = "NetSDKCS", "NetSDKCS\NetSDKCS.csproj", "{149A62F0-7073-4F54-B91E-E0B041C1A3EC}"
EndProject
Project("{2150E333-8FDC-42A3-9474-1A3956D46DE8}") = "Demo", "Demo", "{1C7395E5-8418-4CD4-8E95-F2837698E2E6}"
EndProject
Project("{2150E333-8FDC-42A3-9474-1A3956D46DE8}") = "SDKCode", "SDKCode", "{BF29E387-9951-4897-A044-C767B96D5AEE}"
EndProject
Project("{FAE04EC0-301F-11D3-BF4B-00C04F79EFBC}") = "PlaySDKCS", "PlaySDKCS\PlaySDKCS.csproj", "{C79E29D6-9549-49B2-B038-C9AB45D391D5}"
EndProject
Project("{2150E333-8FDC-42A3-9474-1A3956D46DE8}") = "NetSDK", "NetSDK", "{6842D372-0DB4-44F5-BE7C-3BB5195CF073}"
EndProject
Project("{FAE04EC0-301F-11D3-BF4B-00C04F79EFBC}") = "Utility", "Utility\Utility.csproj", "{058F0F59-D21C-4DF0-A26F-BA04963EBDE6}"
EndProject
Project("{FAE04EC0-301F-11D3-BF4B-00C04F79EFBC}") = "SDKAlarmAndUserManage", "SDKAlarmAndUserManage\SDKAlarmAndUserManage.csproj", "{629FE222-9520-4059-867A-F3675F2040BE}"
EndProject
Project("{FAE04EC0-301F-11D3-BF4B-00C04F79EFBC}") = "SDKCapturePicture", "SDKCapturePicture\SDKCapturePicture.csproj", "{9841553A-4F0D-48A9-BE73-93AFCDF0895F}"
EndProject
Project("{FAE04EC0-301F-11D3-BF4B-00C04F79EFBC}") = "SDKDownLoadFileDemo", "SDKDownLoadFileDemo\SDKDownLoadFileDemo.csproj", "{E13C59F9-7F94-4458-9F7F-3D276E4C057B}"
EndProject
Project("{FAE04EC0-301F-11D3-BF4B-00C04F79EFBC}") = "SDKFuctionSetAndInfoGet", "SDKFuctionSetAndInfoGet\SDKFuctionSetAndInfoGet.csproj", "{5E8C3926-A28F-4CE3-A8DC-5905333670E1}"
EndProject
Project("{FAE04EC0-301F-11D3-BF4B-00C04F79EFBC}") = "SDKPlayDemo", "SDKPlayDemo\SDKPlayDemo.csproj", "{32858150-D358-4F3C-AF5A-EE3E9A508E17}"
EndProject
Project("{FAE04EC0-301F-11D3-BF4B-00C04F79EFBC}") = "OtherDemo", "ColligateDemo\OtherDemo.csproj", "{4927DBF5-9DB3-4C9E-A19D-859A6624E707}"
EndProject
Project("{FAE04EC0-301F-11D3-BF4B-00C04F79EFBC}") = "VDCSDKCS", "VDCSDKCS\VDCSDKCS.csproj", "{DE4ACA8D-25E6-4334-A8DE-FB5CFF8371B4}"
EndProject
Global
	GlobalSection(SolutionConfigurationPlatforms) = preSolution
		Debug|Any CPU = Debug|Any CPU
		Debug|x86 = Debug|x86
		Release|Any CPU = Release|Any CPU
		Release|x86 = Release|x86
	EndGlobalSection
	GlobalSection(ProjectConfigurationPlatforms) = postSolution
		{ED9B98F5-5DB6-4E7E-A7E3-ADE56B9D3672}.Debug|Any CPU.ActiveCfg = Debug|Any CPU
		{ED9B98F5-5DB6-4E7E-A7E3-ADE56B9D3672}.Debug|Any CPU.Build.0 = Debug|Any CPU
		{ED9B98F5-5DB6-4E7E-A7E3-ADE56B9D3672}.Debug|x86.ActiveCfg = Debug|x86
		{ED9B98F5-5DB6-4E7E-A7E3-ADE56B9D3672}.Debug|x86.Build.0 = Debug|x86
		{ED9B98F5-5DB6-4E7E-A7E3-ADE56B9D3672}.Release|Any CPU.ActiveCfg = Release|Any CPU
		{ED9B98F5-5DB6-4E7E-A7E3-ADE56B9D3672}.Release|Any CPU.Build.0 = Release|Any CPU
		{ED9B98F5-5DB6-4E7E-A7E3-ADE56B9D3672}.Release|x86.ActiveCfg = Release|x86
		{ED9B98F5-5DB6-4E7E-A7E3-ADE56B9D3672}.Release|x86.Build.0 = Release|x86
		{149A62F0-7073-4F54-B91E-E0B041C1A3EC}.Debug|Any CPU.ActiveCfg = Debug|Any CPU
		{149A62F0-7073-4F54-B91E-E0B041C1A3EC}.Debug|Any CPU.Build.0 = Debug|Any CPU
		{149A62F0-7073-4F54-B91E-E0B041C1A3EC}.Debug|x86.ActiveCfg = Debug|x86
		{149A62F0-7073-4F54-B91E-E0B041C1A3EC}.Debug|x86.Build.0 = Debug|x86
		{149A62F0-7073-4F54-B91E-E0B041C1A3EC}.Release|Any CPU.ActiveCfg = Release|Any CPU
		{149A62F0-7073-4F54-B91E-E0B041C1A3EC}.Release|Any CPU.Build.0 = Release|Any CPU
		{149A62F0-7073-4F54-B91E-E0B041C1A3EC}.Release|x86.ActiveCfg = Release|x86
		{149A62F0-7073-4F54-B91E-E0B041C1A3EC}.Release|x86.Build.0 = Release|x86
		{C79E29D6-9549-49B2-B038-C9AB45D391D5}.Debug|Any CPU.ActiveCfg = Debug|Any CPU
		{C79E29D6-9549-49B2-B038-C9AB45D391D5}.Debug|Any CPU.Build.0 = Debug|Any CPU
		{C79E29D6-9549-49B2-B038-C9AB45D391D5}.Debug|x86.ActiveCfg = Debug|x86
		{C79E29D6-9549-49B2-B038-C9AB45D391D5}.Debug|x86.Build.0 = Debug|x86
		{C79E29D6-9549-49B2-B038-C9AB45D391D5}.Release|Any CPU.ActiveCfg = Release|Any CPU
		{C79E29D6-9549-49B2-B038-C9AB45D391D5}.Release|Any CPU.Build.0 = Release|Any CPU
		{C79E29D6-9549-49B2-B038-C9AB45D391D5}.Release|x86.ActiveCfg = Release|x86
		{C79E29D6-9549-49B2-B038-C9AB45D391D5}.Release|x86.Build.0 = Release|x86
		{058F0F59-D21C-4DF0-A26F-BA04963EBDE6}.Debug|Any CPU.ActiveCfg = Debug|Any CPU
		{058F0F59-D21C-4DF0-A26F-BA04963EBDE6}.Debug|Any CPU.Build.0 = Debug|Any CPU
		{058F0F59-D21C-4DF0-A26F-BA04963EBDE6}.Debug|x86.ActiveCfg = Debug|x86
		{058F0F59-D21C-4DF0-A26F-BA04963EBDE6}.Debug|x86.Build.0 = Debug|x86
		{058F0F59-D21C-4DF0-A26F-BA04963EBDE6}.Release|Any CPU.ActiveCfg = Release|Any CPU
		{058F0F59-D21C-4DF0-A26F-BA04963EBDE6}.Release|Any CPU.Build.0 = Release|Any CPU
		{058F0F59-D21C-4DF0-A26F-BA04963EBDE6}.Release|x86.ActiveCfg = Release|x86
		{058F0F59-D21C-4DF0-A26F-BA04963EBDE6}.Release|x86.Build.0 = Release|x86
		{629FE222-9520-4059-867A-F3675F2040BE}.Debug|Any CPU.ActiveCfg = Debug|Any CPU
		{629FE222-9520-4059-867A-F3675F2040BE}.Debug|Any CPU.Build.0 = Debug|Any CPU
		{629FE222-9520-4059-867A-F3675F2040BE}.Debug|x86.ActiveCfg = Debug|x86
		{629FE222-9520-4059-867A-F3675F2040BE}.Debug|x86.Build.0 = Debug|x86
		{629FE222-9520-4059-867A-F3675F2040BE}.Release|Any CPU.ActiveCfg = Release|Any CPU
		{629FE222-9520-4059-867A-F3675F2040BE}.Release|Any CPU.Build.0 = Release|Any CPU
		{629FE222-9520-4059-867A-F3675F2040BE}.Release|x86.ActiveCfg = Release|x86
		{629FE222-9520-4059-867A-F3675F2040BE}.Release|x86.Build.0 = Release|x86
		{9841553A-4F0D-48A9-BE73-93AFCDF0895F}.Debug|Any CPU.ActiveCfg = Debug|Any CPU
		{9841553A-4F0D-48A9-BE73-93AFCDF0895F}.Debug|Any CPU.Build.0 = Debug|Any CPU
		{9841553A-4F0D-48A9-BE73-93AFCDF0895F}.Debug|x86.ActiveCfg = Debug|x86
		{9841553A-4F0D-48A9-BE73-93AFCDF0895F}.Debug|x86.Build.0 = Debug|x86
		{9841553A-4F0D-48A9-BE73-93AFCDF0895F}.Release|Any CPU.ActiveCfg = Release|Any CPU
		{9841553A-4F0D-48A9-BE73-93AFCDF0895F}.Release|Any CPU.Build.0 = Release|Any CPU
		{9841553A-4F0D-48A9-BE73-93AFCDF0895F}.Release|x86.ActiveCfg = Release|x86
		{9841553A-4F0D-48A9-BE73-93AFCDF0895F}.Release|x86.Build.0 = Release|x86
		{E13C59F9-7F94-4458-9F7F-3D276E4C057B}.Debug|Any CPU.ActiveCfg = Debug|Any CPU
		{E13C59F9-7F94-4458-9F7F-3D276E4C057B}.Debug|Any CPU.Build.0 = Debug|Any CPU
		{E13C59F9-7F94-4458-9F7F-3D276E4C057B}.Debug|x86.ActiveCfg = Debug|x86
		{E13C59F9-7F94-4458-9F7F-3D276E4C057B}.Debug|x86.Build.0 = Debug|x86
		{E13C59F9-7F94-4458-9F7F-3D276E4C057B}.Release|Any CPU.ActiveCfg = Release|Any CPU
		{E13C59F9-7F94-4458-9F7F-3D276E4C057B}.Release|Any CPU.Build.0 = Release|Any CPU
		{E13C59F9-7F94-4458-9F7F-3D276E4C057B}.Release|x86.ActiveCfg = Release|x86
		{E13C59F9-7F94-4458-9F7F-3D276E4C057B}.Release|x86.Build.0 = Release|x86
		{5E8C3926-A28F-4CE3-A8DC-5905333670E1}.Debug|Any CPU.ActiveCfg = Debug|Any CPU
		{5E8C3926-A28F-4CE3-A8DC-5905333670E1}.Debug|Any CPU.Build.0 = Debug|Any CPU
		{5E8C3926-A28F-4CE3-A8DC-5905333670E1}.Debug|x86.ActiveCfg = Debug|x86
		{5E8C3926-A28F-4CE3-A8DC-5905333670E1}.Debug|x86.Build.0 = Debug|x86
		{5E8C3926-A28F-4CE3-A8DC-5905333670E1}.Release|Any CPU.ActiveCfg = Release|Any CPU
		{5E8C3926-A28F-4CE3-A8DC-5905333670E1}.Release|Any CPU.Build.0 = Release|Any CPU
		{5E8C3926-A28F-4CE3-A8DC-5905333670E1}.Release|x86.ActiveCfg = Release|x86
		{5E8C3926-A28F-4CE3-A8DC-5905333670E1}.Release|x86.Build.0 = Release|x86
		{32858150-D358-4F3C-AF5A-EE3E9A508E17}.Debug|Any CPU.ActiveCfg = Debug|Any CPU
		{32858150-D358-4F3C-AF5A-EE3E9A508E17}.Debug|Any CPU.Build.0 = Debug|Any CPU
		{32858150-D358-4F3C-AF5A-EE3E9A508E17}.Debug|x86.ActiveCfg = Debug|x86
		{32858150-D358-4F3C-AF5A-EE3E9A508E17}.Debug|x86.Build.0 = Debug|x86
		{32858150-D358-4F3C-AF5A-EE3E9A508E17}.Release|Any CPU.ActiveCfg = Release|Any CPU
		{32858150-D358-4F3C-AF5A-EE3E9A508E17}.Release|Any CPU.Build.0 = Release|Any CPU
		{32858150-D358-4F3C-AF5A-EE3E9A508E17}.Release|x86.ActiveCfg = Release|x86
		{32858150-D358-4F3C-AF5A-EE3E9A508E17}.Release|x86.Build.0 = Release|x86
		{4927DBF5-9DB3-4C9E-A19D-859A6624E707}.Debug|Any CPU.ActiveCfg = Debug|Any CPU
		{4927DBF5-9DB3-4C9E-A19D-859A6624E707}.Debug|Any CPU.Build.0 = Debug|Any CPU
		{4927DBF5-9DB3-4C9E-A19D-859A6624E707}.Debug|x86.ActiveCfg = Debug|x86
		{4927DBF5-9DB3-4C9E-A19D-859A6624E707}.Debug|x86.Build.0 = Debug|x86
		{4927DBF5-9DB3-4C9E-A19D-859A6624E707}.Release|Any CPU.ActiveCfg = Release|Any CPU
		{4927DBF5-9DB3-4C9E-A19D-859A6624E707}.Release|Any CPU.Build.0 = Release|Any CPU
		{4927DBF5-9DB3-4C9E-A19D-859A6624E707}.Release|x86.ActiveCfg = Release|x86
		{4927DBF5-9DB3-4C9E-A19D-859A6624E707}.Release|x86.Build.0 = Release|x86
		{DE4ACA8D-25E6-4334-A8DE-FB5CFF8371B4}.Debug|Any CPU.ActiveCfg = Debug|Any CPU
		{DE4ACA8D-25E6-4334-A8DE-FB5CFF8371B4}.Debug|Any CPU.Build.0 = Debug|Any CPU
		{DE4ACA8D-25E6-4334-A8DE-FB5CFF8371B4}.Debug|x86.ActiveCfg = Debug|x86
		{DE4ACA8D-25E6-4334-A8DE-FB5CFF8371B4}.Debug|x86.Build.0 = Debug|x86
		{DE4ACA8D-25E6-4334-A8DE-FB5CFF8371B4}.Release|Any CPU.ActiveCfg = Release|Any CPU
		{DE4ACA8D-25E6-4334-A8DE-FB5CFF8371B4}.Release|Any CPU.Build.0 = Release|Any CPU
		{DE4ACA8D-25E6-4334-A8DE-FB5CFF8371B4}.Release|x86.ActiveCfg = Release|x86
		{DE4ACA8D-25E6-4334-A8DE-FB5CFF8371B4}.Release|x86.Build.0 = Release|x86
	EndGlobalSection
	GlobalSection(SolutionProperties) = preSolution
		HideSolutionNode = FALSE
	EndGlobalSection
	GlobalSection(NestedProjects) = preSolution
		{6842D372-0DB4-44F5-BE7C-3BB5195CF073} = {1C7395E5-8418-4CD4-8E95-F2837698E2E6}
		{149A62F0-7073-4F54-B91E-E0B041C1A3EC} = {BF29E387-9951-4897-A044-C767B96D5AEE}
		{C79E29D6-9549-49B2-B038-C9AB45D391D5} = {BF29E387-9951-4897-A044-C767B96D5AEE}
		{DE4ACA8D-25E6-4334-A8DE-FB5CFF8371B4} = {BF29E387-9951-4897-A044-C767B96D5AEE}
		{ED9B98F5-5DB6-4E7E-A7E3-ADE56B9D3672} = {6842D372-0DB4-44F5-BE7C-3BB5195CF073}
		{629FE222-9520-4059-867A-F3675F2040BE} = {6842D372-0DB4-44F5-BE7C-3BB5195CF073}
		{9841553A-4F0D-48A9-BE73-93AFCDF0895F} = {6842D372-0DB4-44F5-BE7C-3BB5195CF073}
		{E13C59F9-7F94-4458-9F7F-3D276E4C057B} = {6842D372-0DB4-44F5-BE7C-3BB5195CF073}
		{5E8C3926-A28F-4CE3-A8DC-5905333670E1} = {6842D372-0DB4-44F5-BE7C-3BB5195CF073}
		{32858150-D358-4F3C-AF5A-EE3E9A508E17} = {6842D372-0DB4-44F5-BE7C-3BB5195CF073}
		{4927DBF5-9DB3-4C9E-A19D-859A6624E707} = {6842D372-0DB4-44F5-BE7C-3BB5195CF073}
	EndGlobalSection
EndGlobal
